
Microsoft Visual Studio Solution File, Format Version 12.00
# Visual Studio Version 17
VisualStudioVersion = 17.9.34728.123
MinimumVisualStudioVersion = 10.0.40219.1
Project("{FAE04EC0-301F-11D3-BF4B-00C04F79EFBC}") = "TextToSpeech", "TextToSpeech\TextToSpeech.csproj", "{C14BE8B4-DB11-44E2-BDDD-8DE8A2495BBB}"
EndProject
Global
	GlobalSection(SolutionConfigurationPlatforms) = preSolution
		Debug|Any CPU = Debug|Any CPU
		Release|Any CPU = Release|Any CPU
	EndGlobalSection
	GlobalSection(ProjectConfigurationPlatforms) = postSolution
		{C14BE8B4-DB11-44E2-BDDD-8DE8A2495BBB}.Debug|Any CPU.ActiveCfg = Debug|Any CPU
		{C14BE8B4-DB11-44E2-BDDD-8DE8A2495BBB}.Debug|Any CPU.Build.0 = Debug|Any CPU
		{C14BE8B4-DB11-44E2-BDDD-8DE8A2495BBB}.Release|Any CPU.ActiveCfg = Release|Any CPU
		{C14BE8B4-DB11-44E2-BDDD-8DE8A2495BBB}.Release|Any CPU.Build.0 = Release|Any CPU
	EndGlobalSection
	GlobalSection(SolutionProperties) = preSolution
		HideSolutionNode = FALSE
	EndGlobalSection
	GlobalSection(ExtensibilityGlobals) = postSolution
		SolutionGuid = {77DB47F4-5630-44E0-8E97-58E4765C069B}
	EndGlobalSection
EndGlobal
